
Microsoft Visual Studio Solution File, Format Version 12.00
# Visual Studio Version 17
VisualStudioVersion = 17.11.35327.3
MinimumVisualStudioVersion = 10.0.40219.1
Project("{FAE04EC0-301F-11D3-BF4B-00C04F79EFBC}") = "MachineTestCamp6", "D:\MachineTestCamp6\MachineTestCamp6\MachineTestCamp6.csproj", "{3A802FC8-BB18-4C9E-9075-3675B032A420}"
EndProject
Global
	GlobalSection(SolutionConfigurationPlatforms) = preSolution
		Debug|Any CPU = Debug|Any CPU
		Release|Any CPU = Release|Any CPU
	EndGlobalSection
	GlobalSection(ProjectConfigurationPlatforms) = postSolution
		{3A802FC8-BB18-4C9E-9075-3675B032A420}.Debug|Any CPU.ActiveCfg = Debug|Any CPU
		{3A802FC8-BB18-4C9E-9075-3675B032A420}.Debug|Any CPU.Build.0 = Debug|Any CPU
		{3A802FC8-BB18-4C9E-9075-3675B032A420}.Release|Any CPU.ActiveCfg = Release|Any CPU
		{3A802FC8-BB18-4C9E-9075-3675B032A420}.Release|Any CPU.Build.0 = Release|Any CPU
	EndGlobalSection
	GlobalSection(SolutionProperties) = preSolution
		HideSolutionNode = FALSE
	EndGlobalSection
	GlobalSection(ExtensibilityGlobals) = postSolution
		SolutionGuid = {201B522C-74C3-4475-B919-70ACC66F3498}
	EndGlobalSection
EndGlobal
